
Microsoft Visual Studio Solution File, Format Version 12.00
# Visual Studio Version 16
VisualStudioVersion = 16.0.30320.27
MinimumVisualStudioVersion = 10.0.40219.1
Project("{FAE04EC0-301F-11D3-BF4B-00C04F79EFBC}") = "TestZennoPlugin", "TestZennoPlugin.csproj", "{6169EE38-2C1E-45E4-99B1-54ECACCF43AC}"
EndProject
Global
	GlobalSection(SolutionConfigurationPlatforms) = preSolution
		Debug|Any CPU = Debug|Any CPU
		Release|Any CPU = Release|Any CPU
	EndGlobalSection
	GlobalSection(ProjectConfigurationPlatforms) = postSolution
		{6169EE38-2C1E-45E4-99B1-54ECACCF43AC}.Debug|Any CPU.ActiveCfg = Debug|Any CPU
		{6169EE38-2C1E-45E4-99B1-54ECACCF43AC}.Debug|Any CPU.Build.0 = Debug|Any CPU
		{6169EE38-2C1E-45E4-99B1-54ECACCF43AC}.Release|Any CPU.ActiveCfg = Release|Any CPU
		{6169EE38-2C1E-45E4-99B1-54ECACCF43AC}.Release|Any CPU.Build.0 = Release|Any CPU
	EndGlobalSection
	GlobalSection(SolutionProperties) = preSolution
		HideSolutionNode = FALSE
	EndGlobalSection
	GlobalSection(ExtensibilityGlobals) = postSolution
		SolutionGuid = {D490E0D7-DF18-4234-AA7E-AF6F4C3B85AE}
	EndGlobalSection
EndGlobal
